
Microsoft Visual Studio Solution File, Format Version 12.00
# Visual Studio Version 16
VisualStudioVersion = 16.0.30907.101
MinimumVisualStudioVersion = 10.0.40219.1
Project("{FAE04EC0-301F-11D3-BF4B-00C04F79EFBC}") = "IENumerableDEmo3", "IENumerableDEmo3\IENumerableDEmo3.csproj", "{C17421AB-8498-4658-86AB-B36ECCEEE6BF}"
EndProject
Global
	GlobalSection(SolutionConfigurationPlatforms) = preSolution
		Debug|Any CPU = Debug|Any CPU
		Release|Any CPU = Release|Any CPU
	EndGlobalSection
	GlobalSection(ProjectConfigurationPlatforms) = postSolution
		{C17421AB-8498-4658-86AB-B36ECCEEE6BF}.Debug|Any CPU.ActiveCfg = Debug|Any CPU
		{C17421AB-8498-4658-86AB-B36ECCEEE6BF}.Debug|Any CPU.Build.0 = Debug|Any CPU
		{C17421AB-8498-4658-86AB-B36ECCEEE6BF}.Release|Any CPU.ActiveCfg = Release|Any CPU
		{C17421AB-8498-4658-86AB-B36ECCEEE6BF}.Release|Any CPU.Build.0 = Release|Any CPU
	EndGlobalSection
	GlobalSection(SolutionProperties) = preSolution
		HideSolutionNode = FALSE
	EndGlobalSection
	GlobalSection(ExtensibilityGlobals) = postSolution
		SolutionGuid = {253F7802-FC27-48E3-929D-503D6C27E295}
	EndGlobalSection
EndGlobal
