
Microsoft Visual Studio Solution File, Format Version 12.00
# Visual Studio Version 16
VisualStudioVersion = 16.0.30907.101
MinimumVisualStudioVersion = 10.0.40219.1
Project("{FAE04EC0-301F-11D3-BF4B-00C04F79EFBC}") = "StackPanel", "StackPanel\StackPanel.csproj", "{F3FAFFBE-32DD-4CAB-91FC-1A73CA56DEA0}"
EndProject
Global
	GlobalSection(SolutionConfigurationPlatforms) = preSolution
		Debug|Any CPU = Debug|Any CPU
		Release|Any CPU = Release|Any CPU
	EndGlobalSection
	GlobalSection(ProjectConfigurationPlatforms) = postSolution
		{F3FAFFBE-32DD-4CAB-91FC-1A73CA56DEA0}.Debug|Any CPU.ActiveCfg = Debug|Any CPU
		{F3FAFFBE-32DD-4CAB-91FC-1A73CA56DEA0}.Debug|Any CPU.Build.0 = Debug|Any CPU
		{F3FAFFBE-32DD-4CAB-91FC-1A73CA56DEA0}.Release|Any CPU.ActiveCfg = Release|Any CPU
		{F3FAFFBE-32DD-4CAB-91FC-1A73CA56DEA0}.Release|Any CPU.Build.0 = Release|Any CPU
	EndGlobalSection
	GlobalSection(SolutionProperties) = preSolution
		HideSolutionNode = FALSE
	EndGlobalSection
	GlobalSection(ExtensibilityGlobals) = postSolution
		SolutionGuid = {77981475-A04B-4F05-9BAC-00C3B33F0CCB}
	EndGlobalSection
EndGlobal
