
Microsoft Visual Studio Solution File, Format Version 12.00
# Visual Studio Version 16
VisualStudioVersion = 16.0.31321.278
MinimumVisualStudioVersion = 10.0.40219.1
Project("{FAE04EC0-301F-11D3-BF4B-00C04F79EFBC}") = "LinqToSql2", "LinqToSql2\LinqToSql2.csproj", "{DA50E0CE-5C35-4658-9173-0166FA9C900E}"
EndProject
Global
	GlobalSection(SolutionConfigurationPlatforms) = preSolution
		Debug|Any CPU = Debug|Any CPU
		Release|Any CPU = Release|Any CPU
	EndGlobalSection
	GlobalSection(ProjectConfigurationPlatforms) = postSolution
		{DA50E0CE-5C35-4658-9173-0166FA9C900E}.Debug|Any CPU.ActiveCfg = Debug|Any CPU
		{DA50E0CE-5C35-4658-9173-0166FA9C900E}.Debug|Any CPU.Build.0 = Debug|Any CPU
		{DA50E0CE-5C35-4658-9173-0166FA9C900E}.Release|Any CPU.ActiveCfg = Release|Any CPU
		{DA50E0CE-5C35-4658-9173-0166FA9C900E}.Release|Any CPU.Build.0 = Release|Any CPU
	EndGlobalSection
	GlobalSection(SolutionProperties) = preSolution
		HideSolutionNode = FALSE
	EndGlobalSection
	GlobalSection(ExtensibilityGlobals) = postSolution
		SolutionGuid = {0BB45856-AE10-4DF0-B461-28FA9F0C56B7}
	EndGlobalSection
EndGlobal
