
Microsoft Visual Studio Solution File, Format Version 12.00
# Visual Studio Version 16
VisualStudioVersion = 16.0.30907.101
MinimumVisualStudioVersion = 10.0.40219.1
Project("{FAE04EC0-301F-11D3-BF4B-00C04F79EFBC}") = "DependencyProperties", "DependencyProperties\DependencyProperties.csproj", "{E58BB733-FECB-40A7-AF59-27C7D82EB18E}"
EndProject
Global
	GlobalSection(SolutionConfigurationPlatforms) = preSolution
		Debug|Any CPU = Debug|Any CPU
		Release|Any CPU = Release|Any CPU
	EndGlobalSection
	GlobalSection(ProjectConfigurationPlatforms) = postSolution
		{E58BB733-FECB-40A7-AF59-27C7D82EB18E}.Debug|Any CPU.ActiveCfg = Debug|Any CPU
		{E58BB733-FECB-40A7-AF59-27C7D82EB18E}.Debug|Any CPU.Build.0 = Debug|Any CPU
		{E58BB733-FECB-40A7-AF59-27C7D82EB18E}.Release|Any CPU.ActiveCfg = Release|Any CPU
		{E58BB733-FECB-40A7-AF59-27C7D82EB18E}.Release|Any CPU.Build.0 = Release|Any CPU
	EndGlobalSection
	GlobalSection(SolutionProperties) = preSolution
		HideSolutionNode = FALSE
	EndGlobalSection
	GlobalSection(ExtensibilityGlobals) = postSolution
		SolutionGuid = {79DDCF45-2DB1-459E-957A-BB4EF8810278}
	EndGlobalSection
EndGlobal
