
Microsoft Visual Studio Solution File, Format Version 12.00
# Visual Studio Version 16
VisualStudioVersion = 16.0.30907.101
MinimumVisualStudioVersion = 10.0.40219.1
Project("{FAE04EC0-301F-11D3-BF4B-00C04F79EFBC}") = "IEnumerableIEnumerator", "IEnumerableIEnumerator\IEnumerableIEnumerator.csproj", "{B73147D5-61AF-413B-A9E7-1C0DBFCE31FE}"
EndProject
Global
	GlobalSection(SolutionConfigurationPlatforms) = preSolution
		Debug|Any CPU = Debug|Any CPU
		Release|Any CPU = Release|Any CPU
	EndGlobalSection
	GlobalSection(ProjectConfigurationPlatforms) = postSolution
		{B73147D5-61AF-413B-A9E7-1C0DBFCE31FE}.Debug|Any CPU.ActiveCfg = Debug|Any CPU
		{B73147D5-61AF-413B-A9E7-1C0DBFCE31FE}.Debug|Any CPU.Build.0 = Debug|Any CPU
		{B73147D5-61AF-413B-A9E7-1C0DBFCE31FE}.Release|Any CPU.ActiveCfg = Release|Any CPU
		{B73147D5-61AF-413B-A9E7-1C0DBFCE31FE}.Release|Any CPU.Build.0 = Release|Any CPU
	EndGlobalSection
	GlobalSection(SolutionProperties) = preSolution
		HideSolutionNode = FALSE
	EndGlobalSection
	GlobalSection(ExtensibilityGlobals) = postSolution
		SolutionGuid = {1C3DBECB-9B16-4501-9468-99344ED6D71B}
	EndGlobalSection
EndGlobal
