
Microsoft Visual Studio Solution File, Format Version 12.00
# Visual Studio Version 16
VisualStudioVersion = 16.0.30907.101
MinimumVisualStudioVersion = 10.0.40219.1
Project("{FAE04EC0-301F-11D3-BF4B-00C04F79EFBC}") = "RegularExpressions", "RegularExpressions\RegularExpressions.csproj", "{EF2776F9-341B-403D-9701-EC624028B7BC}"
EndProject
Global
	GlobalSection(SolutionConfigurationPlatforms) = preSolution
		Debug|Any CPU = Debug|Any CPU
		Release|Any CPU = Release|Any CPU
	EndGlobalSection
	GlobalSection(ProjectConfigurationPlatforms) = postSolution
		{EF2776F9-341B-403D-9701-EC624028B7BC}.Debug|Any CPU.ActiveCfg = Debug|Any CPU
		{EF2776F9-341B-403D-9701-EC624028B7BC}.Debug|Any CPU.Build.0 = Debug|Any CPU
		{EF2776F9-341B-403D-9701-EC624028B7BC}.Release|Any CPU.ActiveCfg = Release|Any CPU
		{EF2776F9-341B-403D-9701-EC624028B7BC}.Release|Any CPU.Build.0 = Release|Any CPU
	EndGlobalSection
	GlobalSection(SolutionProperties) = preSolution
		HideSolutionNode = FALSE
	EndGlobalSection
	GlobalSection(ExtensibilityGlobals) = postSolution
		SolutionGuid = {32808A42-D71A-467E-9EE8-F041FC9823AF}
	EndGlobalSection
EndGlobal
